// !$*UTF8*$!
{
	archiveVersion = 1;
	classes = {
	};
	objectVersion = 46;
	objects = {

/* Begin PBXBuildFile section */
		9C00D87D1DCAAB710045DF09 /* InteractiveTransition.swift in Sources */ = {isa = PBXBuildFile; fileRef = 9C00D86D1DCAAB710045DF09 /* InteractiveTransition.swift */; };
		9C00D87E1DCAAB710045DF09 /* PopupDialog.swift in Sources */ = {isa = PBXBuildFile; fileRef = 9C00D86E1DCAAB710045DF09 /* PopupDialog.swift */; };
		9C00D8801DCAAB710045DF09 /* PopupDialogButton.swift in Sources */ = {isa = PBXBuildFile; fileRef = 9C00D8701DCAAB710045DF09 /* PopupDialogButton.swift */; };
		9C00D8811DCAAB710045DF09 /* PopupDialogContainerView.swift in Sources */ = {isa = PBXBuildFile; fileRef = 9C00D8711DCAAB710045DF09 /* PopupDialogContainerView.swift */; };
		9C00D8821DCAAB710045DF09 /* PopupDialogDefaultButtons.swift in Sources */ = {isa = PBXBuildFile; fileRef = 9C00D8721DCAAB710045DF09 /* PopupDialogDefaultButtons.swift */; };
		9C00D8831DCAAB710045DF09 /* PopupDialogDefaultView.swift in Sources */ = {isa = PBXBuildFile; fileRef = 9C00D8731DCAAB710045DF09 /* PopupDialogDefaultView.swift */; };
		9C00D8841DCAAB710045DF09 /* PopupDialogDefaultViewController.swift in Sources */ = {isa = PBXBuildFile; fileRef = 9C00D8741DCAAB710045DF09 /* PopupDialogDefaultViewController.swift */; };
		9C00D8851DCAAB710045DF09 /* PopupDialogOverlayView.swift in Sources */ = {isa = PBXBuildFile; fileRef = 9C00D8751DCAAB710045DF09 /* PopupDialogOverlayView.swift */; };
		9C00D8861DCAAB710045DF09 /* PresentationController.swift in Sources */ = {isa = PBXBuildFile; fileRef = 9C00D8761DCAAB710045DF09 /* PresentationController.swift */; };
		9C00D8871DCAAB710045DF09 /* PresentationManager.swift in Sources */ = {isa = PBXBuildFile; fileRef = 9C00D8771DCAAB710045DF09 /* PresentationManager.swift */; };
		9C00D8881DCAAB710045DF09 /* TransitionAnimations.swift in Sources */ = {isa = PBXBuildFile; fileRef = 9C00D8781DCAAB710045DF09 /* TransitionAnimations.swift */; };
		9C00D8891DCAAB710045DF09 /* TransitionAnimator.swift in Sources */ = {isa = PBXBuildFile; fileRef = 9C00D8791DCAAB710045DF09 /* TransitionAnimator.swift */; };
		9C00D88A1DCAAB710045DF09 /* UIView+Animations.swift in Sources */ = {isa = PBXBuildFile; fileRef = 9C00D87A1DCAAB710045DF09 /* UIView+Animations.swift */; };
		9C00D88B1DCAAB710045DF09 /* UIViewController+Visibility.swift in Sources */ = {isa = PBXBuildFile; fileRef = 9C00D87B1DCAAB710045DF09 /* UIViewController+Visibility.swift */; };
		9C00D88D1DCAB8BE0045DF09 /* ColorHarmoniesController + Helper.swift in Sources */ = {isa = PBXBuildFile; fileRef = 9C00D88C1DCAB8BE0045DF09 /* ColorHarmoniesController + Helper.swift */; };
		9C33594A1DA7F7CE0022FDF6 /* TabBarController.swift in Sources */ = {isa = PBXBuildFile; fileRef = 9C3359491DA7F7CE0022FDF6 /* TabBarController.swift */; };
		9C3577CF1D9F2FB6008BCA9F /* Main.storyboard in Resources */ = {isa = PBXBuildFile; fileRef = 9C3577CD1D9F2FB6008BCA9F /* Main.storyboard */; };
		9C3577D11D9F2FB6008BCA9F /* Assets.xcassets in Resources */ = {isa = PBXBuildFile; fileRef = 9C3577D01D9F2FB6008BCA9F /* Assets.xcassets */; };
		9C3577D41D9F2FB6008BCA9F /* LaunchScreen.storyboard in Resources */ = {isa = PBXBuildFile; fileRef = 9C3577D21D9F2FB6008BCA9F /* LaunchScreen.storyboard */; };
		9C3577E41D9F2FEC008BCA9F /* LayoutConstraint.swift in Sources */ = {isa = PBXBuildFile; fileRef = 9C3577DC1D9F2FEC008BCA9F /* LayoutConstraint.swift */; };
		9C3577E61D9F2FEC008BCA9F /* WalkthroughController.swift in Sources */ = {isa = PBXBuildFile; fileRef = 9C3577DE1D9F2FEC008BCA9F /* WalkthroughController.swift */; };
		9C3577E91D9F2FEC008BCA9F /* PageCell.swift in Sources */ = {isa = PBXBuildFile; fileRef = 9C3577E11D9F2FEC008BCA9F /* PageCell.swift */; };
		9C3577EA1D9F2FEC008BCA9F /* Dao.swift in Sources */ = {isa = PBXBuildFile; fileRef = 9C3577E21D9F2FEC008BCA9F /* Dao.swift */; };
		9C3577ED1D9F3001008BCA9F /* AppDelegate.swift in Sources */ = {isa = PBXBuildFile; fileRef = 9C3577EC1D9F3001008BCA9F /* AppDelegate.swift */; };
		9C3629FA1DAC3F8E00AC93B2 /* DynamicColor.swift in Sources */ = {isa = PBXBuildFile; fileRef = 9C3629F91DAC3F8E00AC93B2 /* DynamicColor.swift */; };
		9C3C47601DA55B56000AEC00 /* UserDefaults+helpers.swift in Sources */ = {isa = PBXBuildFile; fileRef = 9C3C475F1DA55B56000AEC00 /* UserDefaults+helpers.swift */; };
		9C3C47621DA55DEE000AEC00 /* HomeController.swift in Sources */ = {isa = PBXBuildFile; fileRef = 9C3C47611DA55DEE000AEC00 /* HomeController.swift */; };
		9C4B13151DB98C1600703F2A /* GothamRounded-Book.otf in Resources */ = {isa = PBXBuildFile; fileRef = 9C4B13141DB98C1600703F2A /* GothamRounded-Book.otf */; };
		9C4EEC891EB7723B00FC98CA /* FXBlurView.m in Sources */ = {isa = PBXBuildFile; fileRef = 9C4EEC881EB7723B00FC98CA /* FXBlurView.m */; };
		9C5751CD1DB9520F00CE3095 /* RandomColor.swift in Sources */ = {isa = PBXBuildFile; fileRef = 9C5751C91DB9520F00CE3095 /* RandomColor.swift */; };
		9C5751CE1DB9520F00CE3095 /* ColorDefinition.swift in Sources */ = {isa = PBXBuildFile; fileRef = 9C5751CA1DB9520F00CE3095 /* ColorDefinition.swift */; };
		9C5751CF1DB9520F00CE3095 /* Luminosity.swift in Sources */ = {isa = PBXBuildFile; fileRef = 9C5751CB1DB9520F00CE3095 /* Luminosity.swift */; };
		9C5751D01DB9520F00CE3095 /* Hue.swift in Sources */ = {isa = PBXBuildFile; fileRef = 9C5751CC1DB9520F00CE3095 /* Hue.swift */; };
		9C5751D21DB9521700CE3095 /* HueExtension.swift in Sources */ = {isa = PBXBuildFile; fileRef = 9C5751D11DB9521700CE3095 /* HueExtension.swift */; };
		9C64ED611DAD5165005EDB58 /* ColorHarmony.swift in Sources */ = {isa = PBXBuildFile; fileRef = 9C64ED601DAD5165005EDB58 /* ColorHarmony.swift */; };
		9C724B711DA2E63900214D21 /* GetStartedCell.swift in Sources */ = {isa = PBXBuildFile; fileRef = 9C724B701DA2E63900214D21 /* GetStartedCell.swift */; };
		9C724B761DA30DFC00214D21 /* Stylesheet.swift in Sources */ = {isa = PBXBuildFile; fileRef = 9C724B751DA30DFC00214D21 /* Stylesheet.swift */; };
		9C7FCCD61DABEB6900A967A8 /* ColorHarmoniesController.swift in Sources */ = {isa = PBXBuildFile; fileRef = 9C7FCCD51DABEB6900A967A8 /* ColorHarmoniesController.swift */; };
		9C7FCCDB1DABEE3600A967A8 /* ComplementaryCell.swift in Sources */ = {isa = PBXBuildFile; fileRef = 9C7FCCDA1DABEE3600A967A8 /* ComplementaryCell.swift */; };
		9C85E6671DAE9C2700A3034B /* AnalogousCell.swift in Sources */ = {isa = PBXBuildFile; fileRef = 9C85E6661DAE9C2700A3034B /* AnalogousCell.swift */; };
		9C85E6691DAEA15F00A3034B /* TriadicCell.swift in Sources */ = {isa = PBXBuildFile; fileRef = 9C85E6681DAEA15F00A3034B /* TriadicCell.swift */; };
		9C85E66B1DAEA4BE00A3034B /* TetradicCell.swift in Sources */ = {isa = PBXBuildFile; fileRef = 9C85E66A1DAEA4BE00A3034B /* TetradicCell.swift */; };
		9C8B02D11DB5DE9B0037128B /* DynamicColor+Deriving.swift in Sources */ = {isa = PBXBuildFile; fileRef = 9C8B02C61DB5DE9B0037128B /* DynamicColor+Deriving.swift */; };
		9C8B02D21DB5DE9B0037128B /* DynamicColor+HSB.swift in Sources */ = {isa = PBXBuildFile; fileRef = 9C8B02C71DB5DE9B0037128B /* DynamicColor+HSB.swift */; };
		9C8B02D31DB5DE9B0037128B /* DynamicColor+HSL.swift in Sources */ = {isa = PBXBuildFile; fileRef = 9C8B02C81DB5DE9B0037128B /* DynamicColor+HSL.swift */; };
		9C8B02D51DB5DE9B0037128B /* DynamicColor+Mixing.swift in Sources */ = {isa = PBXBuildFile; fileRef = 9C8B02CA1DB5DE9B0037128B /* DynamicColor+Mixing.swift */; };
		9C8B02D61DB5DE9B0037128B /* DynamicColor+RGBA.swift in Sources */ = {isa = PBXBuildFile; fileRef = 9C8B02CB1DB5DE9B0037128B /* DynamicColor+RGBA.swift */; };
		9C8B02D81DB5DE9B0037128B /* DynamicColorSpace.swift in Sources */ = {isa = PBXBuildFile; fileRef = 9C8B02CD1DB5DE9B0037128B /* DynamicColorSpace.swift */; };
		9C8B02DA1DB5DE9B0037128B /* HSL.swift in Sources */ = {isa = PBXBuildFile; fileRef = 9C8B02CF1DB5DE9B0037128B /* HSL.swift */; };
		9C8B02DB1DB5DE9B0037128B /* Utils.swift in Sources */ = {isa = PBXBuildFile; fileRef = 9C8B02D01DB5DE9B0037128B /* Utils.swift */; };
		9C91D26D1DB7881000B9B157 /* GothamRounded-Bold.otf in Resources */ = {isa = PBXBuildFile; fileRef = 9C91D26C1DB7881000B9B157 /* GothamRounded-Bold.otf */; };
		9C91D26F1DB7881D00B9B157 /* GothamRounded-Medium.otf in Resources */ = {isa = PBXBuildFile; fileRef = 9C91D26E1DB7881D00B9B157 /* GothamRounded-Medium.otf */; };
		9C9798DD1DC6890100DD390D /* HarmonyCell.swift in Sources */ = {isa = PBXBuildFile; fileRef = 9C9798DC1DC6890100DD390D /* HarmonyCell.swift */; };
		9CAC84B01DA43CA200C20D4F /* MainNavigationController.swift in Sources */ = {isa = PBXBuildFile; fileRef = 9CAC84AF1DA43CA200C20D4F /* MainNavigationController.swift */; };
		9CB3A4581DB5206500E236DA /* WalkthroughPage.swift in Sources */ = {isa = PBXBuildFile; fileRef = 9CB3A4571DB5206500E236DA /* WalkthroughPage.swift */; };
		9CB3A45A1DB5213D00E236DA /* WalkthroughPageCell.swift in Sources */ = {isa = PBXBuildFile; fileRef = 9CB3A4591DB5213D00E236DA /* WalkthroughPageCell.swift */; };
		9CB3A45C1DB5236100E236DA /* TutorialController.swift in Sources */ = {isa = PBXBuildFile; fileRef = 9CB3A45B1DB5236100E236DA /* TutorialController.swift */; };
		9CC2DF7D1DB5D4960013818D /* Tint.swift in Sources */ = {isa = PBXBuildFile; fileRef = 9CC2DF7C1DB5D4960013818D /* Tint.swift */; };
		9CC2DF7F1DB5D66D0013818D /* TintCell.swift in Sources */ = {isa = PBXBuildFile; fileRef = 9CC2DF7E1DB5D66D0013818D /* TintCell.swift */; };
		9CDB10EA1DCBA2C3006DC7E2 /* ClipboardCell.swift in Sources */ = {isa = PBXBuildFile; fileRef = 9CDB10E91DCBA2C3006DC7E2 /* ClipboardCell.swift */; };
		9CE5E9331DD25F6D006242EB /* DynamicColor+XYZ.swift in Sources */ = {isa = PBXBuildFile; fileRef = 9CE5E9321DD25F6D006242EB /* DynamicColor+XYZ.swift */; };
		9CE5E9351DD25F74006242EB /* DynamicColor+Lab.swift in Sources */ = {isa = PBXBuildFile; fileRef = 9CE5E9341DD25F74006242EB /* DynamicColor+Lab.swift */; };
		9CE5E9371DD26050006242EB /* SWColor.swift in Sources */ = {isa = PBXBuildFile; fileRef = 9CE5E9361DD26050006242EB /* SWColor.swift */; };
		9CEC6B5C1DC7D80000C20156 /* WelcomeCell.swift in Sources */ = {isa = PBXBuildFile; fileRef = 9CEC6B5B1DC7D80000C20156 /* WelcomeCell.swift */; };
		9CEC6B5E1DC7DDFB00C20156 /* SelectedColorCell.swift in Sources */ = {isa = PBXBuildFile; fileRef = 9CEC6B5D1DC7DDFB00C20156 /* SelectedColorCell.swift */; };
/* End PBXBuildFile section */

/* Begin PBXFileReference section */
		9C00D86D1DCAAB710045DF09 /* InteractiveTransition.swift */ = {isa = PBXFileReference; fileEncoding = 4; lastKnownFileType = sourcecode.swift; name = InteractiveTransition.swift; path = CapstoneProject/Sources/AlertView/InteractiveTransition.swift; sourceTree = "<group>"; };
		9C00D86E1DCAAB710045DF09 /* PopupDialog.swift */ = {isa = PBXFileReference; fileEncoding = 4; lastKnownFileType = sourcecode.swift; name = PopupDialog.swift; path = CapstoneProject/Sources/AlertView/PopupDialog.swift; sourceTree = "<group>"; };
		9C00D8701DCAAB710045DF09 /* PopupDialogButton.swift */ = {isa = PBXFileReference; fileEncoding = 4; lastKnownFileType = sourcecode.swift; name = PopupDialogButton.swift; path = CapstoneProject/Sources/AlertView/PopupDialogButton.swift; sourceTree = "<group>"; };
		9C00D8711DCAAB710045DF09 /* PopupDialogContainerView.swift */ = {isa = PBXFileReference; fileEncoding = 4; lastKnownFileType = sourcecode.swift; name = PopupDialogContainerView.swift; path = CapstoneProject/Sources/AlertView/PopupDialogContainerView.swift; sourceTree = "<group>"; };
		9C00D8721DCAAB710045DF09 /* PopupDialogDefaultButtons.swift */ = {isa = PBXFileReference; fileEncoding = 4; lastKnownFileType = sourcecode.swift; name = PopupDialogDefaultButtons.swift; path = CapstoneProject/Sources/AlertView/PopupDialogDefaultButtons.swift; sourceTree = "<group>"; };
		9C00D8731DCAAB710045DF09 /* PopupDialogDefaultView.swift */ = {isa = PBXFileReference; fileEncoding = 4; lastKnownFileType = sourcecode.swift; name = PopupDialogDefaultView.swift; path = CapstoneProject/Sources/AlertView/PopupDialogDefaultView.swift; sourceTree = "<group>"; };
		9C00D8741DCAAB710045DF09 /* PopupDialogDefaultViewController.swift */ = {isa = PBXFileReference; fileEncoding = 4; lastKnownFileType = sourcecode.swift; name = PopupDialogDefaultViewController.swift; path = CapstoneProject/Sources/AlertView/PopupDialogDefaultViewController.swift; sourceTree = "<group>"; };
		9C00D8751DCAAB710045DF09 /* PopupDialogOverlayView.swift */ = {isa = PBXFileReference; fileEncoding = 4; lastKnownFileType = sourcecode.swift; name = PopupDialogOverlayView.swift; path = CapstoneProject/Sources/AlertView/PopupDialogOverlayView.swift; sourceTree = "<group>"; };
		9C00D8761DCAAB710045DF09 /* PresentationController.swift */ = {isa = PBXFileReference; fileEncoding = 4; lastKnownFileType = sourcecode.swift; name = PresentationController.swift; path = CapstoneProject/Sources/AlertView/PresentationController.swift; sourceTree = "<group>"; };
		9C00D8771DCAAB710045DF09 /* PresentationManager.swift */ = {isa = PBXFileReference; fileEncoding = 4; lastKnownFileType = sourcecode.swift; name = PresentationManager.swift; path = CapstoneProject/Sources/AlertView/PresentationManager.swift; sourceTree = "<group>"; };
		9C00D8781DCAAB710045DF09 /* TransitionAnimations.swift */ = {isa = PBXFileReference; fileEncoding = 4; lastKnownFileType = sourcecode.swift; name = TransitionAnimations.swift; path = CapstoneProject/Sources/AlertView/TransitionAnimations.swift; sourceTree = "<group>"; };
		9C00D8791DCAAB710045DF09 /* TransitionAnimator.swift */ = {isa = PBXFileReference; fileEncoding = 4; lastKnownFileType = sourcecode.swift; name = TransitionAnimator.swift; path = CapstoneProject/Sources/AlertView/TransitionAnimator.swift; sourceTree = "<group>"; };
		9C00D87A1DCAAB710045DF09 /* UIView+Animations.swift */ = {isa = PBXFileReference; fileEncoding = 4; lastKnownFileType = sourcecode.swift; name = "UIView+Animations.swift"; path = "CapstoneProject/Sources/AlertView/UIView+Animations.swift"; sourceTree = "<group>"; };
		9C00D87B1DCAAB710045DF09 /* UIViewController+Visibility.swift */ = {isa = PBXFileReference; fileEncoding = 4; lastKnownFileType = sourcecode.swift; name = "UIViewController+Visibility.swift"; path = "CapstoneProject/Sources/AlertView/UIViewController+Visibility.swift"; sourceTree = "<group>"; };
		9C00D88C1DCAB8BE0045DF09 /* ColorHarmoniesController + Helper.swift */ = {isa = PBXFileReference; fileEncoding = 4; lastKnownFileType = sourcecode.swift; name = "ColorHarmoniesController + Helper.swift"; path = "Sources/Color Harmonies/Controllers/ColorHarmoniesController + Helper.swift"; sourceTree = "<group>"; };
		9C3359491DA7F7CE0022FDF6 /* TabBarController.swift */ = {isa = PBXFileReference; fileEncoding = 4; lastKnownFileType = sourcecode.swift; name = TabBarController.swift; path = "Sources/Color Harmonies/Controllers/TabBarController.swift"; sourceTree = "<group>"; };
		9C3577C61D9F2FB6008BCA9F /* Colorscope.app */ = {isa = PBXFileReference; explicitFileType = wrapper.application; includeInIndex = 0; path = Colorscope.app; sourceTree = BUILT_PRODUCTS_DIR; };
		9C3577CE1D9F2FB6008BCA9F /* Base */ = {isa = PBXFileReference; lastKnownFileType = file.storyboard; name = Base; path = Base.lproj/Main.storyboard; sourceTree = "<group>"; };
		9C3577D01D9F2FB6008BCA9F /* Assets.xcassets */ = {isa = PBXFileReference; lastKnownFileType = folder.assetcatalog; name = Assets.xcassets; path = Resources/Assets.xcassets; sourceTree = "<group>"; };
		9C3577D31D9F2FB6008BCA9F /* Base */ = {isa = PBXFileReference; lastKnownFileType = file.storyboard; name = Base; path = Base.lproj/LaunchScreen.storyboard; sourceTree = "<group>"; };
		9C3577D51D9F2FB6008BCA9F /* Info.plist */ = {isa = PBXFileReference; lastKnownFileType = text.plist.xml; name = Info.plist; path = "Supporting Files/Info.plist"; sourceTree = "<group>"; };
		9C3577DC1D9F2FEC008BCA9F /* LayoutConstraint.swift */ = {isa = PBXFileReference; fileEncoding = 4; lastKnownFileType = sourcecode.swift; name = LayoutConstraint.swift; path = Sources/Utils/LayoutConstraint.swift; sourceTree = "<group>"; };
		9C3577DE1D9F2FEC008BCA9F /* WalkthroughController.swift */ = {isa = PBXFileReference; fileEncoding = 4; lastKnownFileType = sourcecode.swift; name = WalkthroughController.swift; path = Sources/Walkthrough/Controllers/WalkthroughController.swift; sourceTree = "<group>"; };
		9C3577E11D9F2FEC008BCA9F /* PageCell.swift */ = {isa = PBXFileReference; fileEncoding = 4; lastKnownFileType = sourcecode.swift; name = PageCell.swift; path = Sources/Walkthrough/Views/PageCell.swift; sourceTree = "<group>"; };
		9C3577E21D9F2FEC008BCA9F /* Dao.swift */ = {isa = PBXFileReference; fileEncoding = 4; lastKnownFileType = sourcecode.swift; name = Dao.swift; path = Sources/Utils/Dao.swift; sourceTree = "<group>"; };
		9C3577EC1D9F3001008BCA9F /* AppDelegate.swift */ = {isa = PBXFileReference; fileEncoding = 4; lastKnownFileType = sourcecode.swift; name = AppDelegate.swift; path = Sources/AppDelegate.swift; sourceTree = "<group>"; };
		9C3629F91DAC3F8E00AC93B2 /* DynamicColor.swift */ = {isa = PBXFileReference; fileEncoding = 4; lastKnownFileType = sourcecode.swift; name = DynamicColor.swift; path = "Sources/Color/Dynamic Color/DynamicColor.swift"; sourceTree = "<group>"; };
		9C3C475F1DA55B56000AEC00 /* UserDefaults+helpers.swift */ = {isa = PBXFileReference; fileEncoding = 4; lastKnownFileType = sourcecode.swift; name = "UserDefaults+helpers.swift"; path = "Sources/Utils/UserDefaults+helpers.swift"; sourceTree = "<group>"; };
		9C3C47611DA55DEE000AEC00 /* HomeController.swift */ = {isa = PBXFileReference; fileEncoding = 4; lastKnownFileType = sourcecode.swift; name = HomeController.swift; path = Sources/Home/Controller/HomeController.swift; sourceTree = "<group>"; };
		9C4B13141DB98C1600703F2A /* GothamRounded-Book.otf */ = {isa = PBXFileReference; lastKnownFileType = file; name = "GothamRounded-Book.otf"; path = "Supporting Files/Font/GothamRounded-Book.otf"; sourceTree = "<group>"; };
		9C4EEC861EB7723B00FC98CA /* Colorscope-Bridging-Header.h */ = {isa = PBXFileReference; lastKnownFileType = sourcecode.c.h; path = "Colorscope-Bridging-Header.h"; sourceTree = "<group>"; };
		9C4EEC871EB7723B00FC98CA /* FXBlurView.h */ = {isa = PBXFileReference; fileEncoding = 4; lastKnownFileType = sourcecode.c.h; name = FXBlurView.h; path = CapstoneProject/Sources/AlertView/FXBlurView.h; sourceTree = "<group>"; };
		9C4EEC881EB7723B00FC98CA /* FXBlurView.m */ = {isa = PBXFileReference; fileEncoding = 4; lastKnownFileType = sourcecode.c.objc; name = FXBlurView.m; path = CapstoneProject/Sources/AlertView/FXBlurView.m; sourceTree = "<group>"; };
		9C5751C91DB9520F00CE3095 /* RandomColor.swift */ = {isa = PBXFileReference; fileEncoding = 4; lastKnownFileType = sourcecode.swift; name = RandomColor.swift; path = "Sources/Color/Random Color/RandomColor.swift"; sourceTree = "<group>"; };
		9C5751CA1DB9520F00CE3095 /* ColorDefinition.swift */ = {isa = PBXFileReference; fileEncoding = 4; lastKnownFileType = sourcecode.swift; name = ColorDefinition.swift; path = "Sources/Color/Random Color/ColorDefinition.swift"; sourceTree = "<group>"; };
		9C5751CB1DB9520F00CE3095 /* Luminosity.swift */ = {isa = PBXFileReference; fileEncoding = 4; lastKnownFileType = sourcecode.swift; name = Luminosity.swift; path = "Sources/Color/Random Color/Luminosity.swift"; sourceTree = "<group>"; };
		9C5751CC1DB9520F00CE3095 /* Hue.swift */ = {isa = PBXFileReference; fileEncoding = 4; lastKnownFileType = sourcecode.swift; name = Hue.swift; path = "Sources/Color/Random Color/Hue.swift"; sourceTree = "<group>"; };
		9C5751D11DB9521700CE3095 /* HueExtension.swift */ = {isa = PBXFileReference; fileEncoding = 4; lastKnownFileType = sourcecode.swift; name = HueExtension.swift; path = "Sources/Color/Random Color/HueExtension.swift"; sourceTree = "<group>"; };
		9C64ED601DAD5165005EDB58 /* ColorHarmony.swift */ = {isa = PBXFileReference; fileEncoding = 4; lastKnownFileType = sourcecode.swift; name = ColorHarmony.swift; path = "Sources/Color Harmonies/Models.swift/ColorHarmony.swift"; sourceTree = "<group>"; };
		9C724B701DA2E63900214D21 /* GetStartedCell.swift */ = {isa = PBXFileReference; fileEncoding = 4; lastKnownFileType = sourcecode.swift; name = GetStartedCell.swift; path = Sources/Walkthrough/Views/GetStartedCell.swift; sourceTree = "<group>"; };
		9C724B751DA30DFC00214D21 /* Stylesheet.swift */ = {isa = PBXFileReference; fileEncoding = 4; lastKnownFileType = sourcecode.swift; name = Stylesheet.swift; path = Sources/Utils/Stylesheet.swift; sourceTree = "<group>"; };
		9C7FCCD51DABEB6900A967A8 /* ColorHarmoniesController.swift */ = {isa = PBXFileReference; fileEncoding = 4; lastKnownFileType = sourcecode.swift; name = ColorHarmoniesController.swift; path = "Sources/Color Harmonies/Controllers/ColorHarmoniesController.swift"; sourceTree = "<group>"; };
		9C7FCCDA1DABEE3600A967A8 /* ComplementaryCell.swift */ = {isa = PBXFileReference; fileEncoding = 4; lastKnownFileType = sourcecode.swift; name = ComplementaryCell.swift; path = "Sources/Color Harmonies/Views/ComplementaryCell.swift"; sourceTree = "<group>"; };
		9C85E6661DAE9C2700A3034B /* AnalogousCell.swift */ = {isa = PBXFileReference; fileEncoding = 4; lastKnownFileType = sourcecode.swift; name = AnalogousCell.swift; path = "Sources/Color Harmonies/Views/AnalogousCell.swift"; sourceTree = "<group>"; };
		9C85E6681DAEA15F00A3034B /* TriadicCell.swift */ = {isa = PBXFileReference; fileEncoding = 4; lastKnownFileType = sourcecode.swift; name = TriadicCell.swift; path = "Sources/Color Harmonies/Views/TriadicCell.swift"; sourceTree = "<group>"; };
		9C85E66A1DAEA4BE00A3034B /* TetradicCell.swift */ = {isa = PBXFileReference; fileEncoding = 4; lastKnownFileType = sourcecode.swift; name = TetradicCell.swift; path = "Sources/Color Harmonies/Views/TetradicCell.swift"; sourceTree = "<group>"; };
		9C8B02C61DB5DE9B0037128B /* DynamicColor+Deriving.swift */ = {isa = PBXFileReference; fileEncoding = 4; lastKnownFileType = sourcecode.swift; name = "DynamicColor+Deriving.swift"; path = "Sources/Color/Dynamic Color/DynamicColor+Deriving.swift"; sourceTree = "<group>"; };
		9C8B02C71DB5DE9B0037128B /* DynamicColor+HSB.swift */ = {isa = PBXFileReference; fileEncoding = 4; lastKnownFileType = sourcecode.swift; name = "DynamicColor+HSB.swift"; path = "Sources/Color/Dynamic Color/DynamicColor+HSB.swift"; sourceTree = "<group>"; };
		9C8B02C81DB5DE9B0037128B /* DynamicColor+HSL.swift */ = {isa = PBXFileReference; fileEncoding = 4; lastKnownFileType = sourcecode.swift; name = "DynamicColor+HSL.swift"; path = "Sources/Color/Dynamic Color/DynamicColor+HSL.swift"; sourceTree = "<group>"; };
		9C8B02CA1DB5DE9B0037128B /* DynamicColor+Mixing.swift */ = {isa = PBXFileReference; fileEncoding = 4; lastKnownFileType = sourcecode.swift; name = "DynamicColor+Mixing.swift"; path = "Sources/Color/Dynamic Color/DynamicColor+Mixing.swift"; sourceTree = "<group>"; };
		9C8B02CB1DB5DE9B0037128B /* DynamicColor+RGBA.swift */ = {isa = PBXFileReference; fileEncoding = 4; lastKnownFileType = sourcecode.swift; name = "DynamicColor+RGBA.swift"; path = "Sources/Color/Dynamic Color/DynamicColor+RGBA.swift"; sourceTree = "<group>"; };
		9C8B02CD1DB5DE9B0037128B /* DynamicColorSpace.swift */ = {isa = PBXFileReference; fileEncoding = 4; lastKnownFileType = sourcecode.swift; name = DynamicColorSpace.swift; path = "Sources/Color/Dynamic Color/DynamicColorSpace.swift"; sourceTree = "<group>"; };
		9C8B02CF1DB5DE9B0037128B /* HSL.swift */ = {isa = PBXFileReference; fileEncoding = 4; lastKnownFileType = sourcecode.swift; name = HSL.swift; path = "Sources/Color/Dynamic Color/HSL.swift"; sourceTree = "<group>"; };
		9C8B02D01DB5DE9B0037128B /* Utils.swift */ = {isa = PBXFileReference; fileEncoding = 4; lastKnownFileType = sourcecode.swift; name = Utils.swift; path = "Sources/Color/Dynamic Color/Utils.swift"; sourceTree = "<group>"; };
		9C91D26C1DB7881000B9B157 /* GothamRounded-Bold.otf */ = {isa = PBXFileReference; lastKnownFileType = file; name = "GothamRounded-Bold.otf"; path = "Supporting Files/Font/GothamRounded-Bold.otf"; sourceTree = "<group>"; };
		9C91D26E1DB7881D00B9B157 /* GothamRounded-Medium.otf */ = {isa = PBXFileReference; lastKnownFileType = file; name = "GothamRounded-Medium.otf"; path = "Supporting Files/Font/GothamRounded-Medium.otf"; sourceTree = "<group>"; };
		9C9798DC1DC6890100DD390D /* HarmonyCell.swift */ = {isa = PBXFileReference; fileEncoding = 4; lastKnownFileType = sourcecode.swift; name = HarmonyCell.swift; path = Sources/Walkthrough/Views/HarmonyCell.swift; sourceTree = "<group>"; };
		9CAC84AF1DA43CA200C20D4F /* MainNavigationController.swift */ = {isa = PBXFileReference; fileEncoding = 4; lastKnownFileType = sourcecode.swift; name = MainNavigationController.swift; path = Sources/Walkthrough/Controllers/MainNavigationController.swift; sourceTree = "<group>"; };
		9CB3A4571DB5206500E236DA /* WalkthroughPage.swift */ = {isa = PBXFileReference; fileEncoding = 4; lastKnownFileType = sourcecode.swift; name = WalkthroughPage.swift; path = "Sources/Color Harmonies/Models.swift/WalkthroughPage.swift"; sourceTree = "<group>"; };
		9CB3A4591DB5213D00E236DA /* WalkthroughPageCell.swift */ = {isa = PBXFileReference; fileEncoding = 4; lastKnownFileType = sourcecode.swift; name = WalkthroughPageCell.swift; path = "Sources/Color Harmonies/Views/WalkthroughPageCell.swift"; sourceTree = "<group>"; };
		9CB3A45B1DB5236100E236DA /* TutorialController.swift */ = {isa = PBXFileReference; fileEncoding = 4; lastKnownFileType = sourcecode.swift; name = TutorialController.swift; path = "Sources/Color Harmonies/Controllers/TutorialController.swift"; sourceTree = "<group>"; };
		9CC2DF7C1DB5D4960013818D /* Tint.swift */ = {isa = PBXFileReference; fileEncoding = 4; lastKnownFileType = sourcecode.swift; name = Tint.swift; path = Sources/Home/Model/Tint.swift; sourceTree = "<group>"; };
		9CC2DF7E1DB5D66D0013818D /* TintCell.swift */ = {isa = PBXFileReference; fileEncoding = 4; lastKnownFileType = sourcecode.swift; name = TintCell.swift; path = Sources/Home/View/TintCell.swift; sourceTree = "<group>"; };
		9CDB10E91DCBA2C3006DC7E2 /* ClipboardCell.swift */ = {isa = PBXFileReference; fileEncoding = 4; lastKnownFileType = sourcecode.swift; name = ClipboardCell.swift; path = Sources/Walkthrough/Views/ClipboardCell.swift; sourceTree = "<group>"; };
		9CE5E9321DD25F6D006242EB /* DynamicColor+XYZ.swift */ = {isa = PBXFileReference; fileEncoding = 4; lastKnownFileType = sourcecode.swift; name = "DynamicColor+XYZ.swift"; path = "Sources/Color/Dynamic Color/DynamicColor+XYZ.swift"; sourceTree = "<group>"; };
		9CE5E9341DD25F74006242EB /* DynamicColor+Lab.swift */ = {isa = PBXFileReference; fileEncoding = 4; lastKnownFileType = sourcecode.swift; name = "DynamicColor+Lab.swift"; path = "Sources/Color/Dynamic Color/DynamicColor+Lab.swift"; sourceTree = "<group>"; };
		9CE5E9361DD26050006242EB /* SWColor.swift */ = {isa = PBXFileReference; fileEncoding = 4; lastKnownFileType = sourcecode.swift; name = SWColor.swift; path = "Sources/Color/Dynamic Color/SWColor.swift"; sourceTree = "<group>"; };
		9CEC6B5B1DC7D80000C20156 /* WelcomeCell.swift */ = {isa = PBXFileReference; fileEncoding = 4; lastKnownFileType = sourcecode.swift; name = WelcomeCell.swift; path = Sources/Walkthrough/Views/WelcomeCell.swift; sourceTree = "<group>"; };
		9CEC6B5D1DC7DDFB00C20156 /* SelectedColorCell.swift */ = {isa = PBXFileReference; fileEncoding = 4; lastKnownFileType = sourcecode.swift; name = SelectedColorCell.swift; path = Sources/Walkthrough/Views/SelectedColorCell.swift; sourceTree = "<group>"; };
/* End PBXFileReference section */

/* Begin PBXFrameworksBuildPhase section */
		9C3577C31D9F2FB5008BCA9F /* Frameworks */ = {
			isa = PBXFrameworksBuildPhase;
			buildActionMask = 2147483647;
			files = (
			);
			runOnlyForDeploymentPostprocessing = 0;
		};
/* End PBXFrameworksBuildPhase section */

/* Begin PBXGroup section */
		9C00D8691DCAAAFE0045DF09 /* AlertView */ = {
			isa = PBXGroup;
			children = (
				9C4EEC871EB7723B00FC98CA /* FXBlurView.h */,
				9C4EEC881EB7723B00FC98CA /* FXBlurView.m */,
				9C00D86D1DCAAB710045DF09 /* InteractiveTransition.swift */,
				9C00D86E1DCAAB710045DF09 /* PopupDialog.swift */,
				9C00D8701DCAAB710045DF09 /* PopupDialogButton.swift */,
				9C00D8711DCAAB710045DF09 /* PopupDialogContainerView.swift */,
				9C00D8721DCAAB710045DF09 /* PopupDialogDefaultButtons.swift */,
				9C00D8731DCAAB710045DF09 /* PopupDialogDefaultView.swift */,
				9C00D8741DCAAB710045DF09 /* PopupDialogDefaultViewController.swift */,
				9C00D8751DCAAB710045DF09 /* PopupDialogOverlayView.swift */,
				9C00D8761DCAAB710045DF09 /* PresentationController.swift */,
				9C00D8771DCAAB710045DF09 /* PresentationManager.swift */,
				9C00D8781DCAAB710045DF09 /* TransitionAnimations.swift */,
				9C00D8791DCAAB710045DF09 /* TransitionAnimator.swift */,
				9C00D87A1DCAAB710045DF09 /* UIView+Animations.swift */,
				9C00D87B1DCAAB710045DF09 /* UIViewController+Visibility.swift */,
				9C4EEC861EB7723B00FC98CA /* Colorscope-Bridging-Header.h */,
			);
			name = AlertView;
			path = ..;
			sourceTree = "<group>";
		};
		9C22B9B01DAA157D0047610E /* Model */ = {
			isa = PBXGroup;
			children = (
				9CC2DF7C1DB5D4960013818D /* Tint.swift */,
			);
			name = Model;
			sourceTree = "<group>";
		};
		9C3359441DA7F4240022FDF6 /* Home */ = {
			isa = PBXGroup;
			children = (
				9C22B9B01DAA157D0047610E /* Model */,
				9C3359481DA7F45B0022FDF6 /* Views */,
				9C3359451DA7F43A0022FDF6 /* Controllers */,
			);
			name = Home;
			sourceTree = "<group>";
		};
		9C3359451DA7F43A0022FDF6 /* Controllers */ = {
			isa = PBXGroup;
			children = (
				9C3C47611DA55DEE000AEC00 /* HomeController.swift */,
			);
			name = Controllers;
			sourceTree = "<group>";
		};
		9C3359481DA7F45B0022FDF6 /* Views */ = {
			isa = PBXGroup;
			children = (
				9CC2DF7E1DB5D66D0013818D /* TintCell.swift */,
			);
			name = Views;
			sourceTree = "<group>";
		};
		9C3577BD1D9F2FB5008BCA9F = {
			isa = PBXGroup;
			children = (
				9C3577C81D9F2FB6008BCA9F /* CapstoneProject */,
				9C3577C71D9F2FB6008BCA9F /* Products */,
			);
			sourceTree = "<group>";
		};
		9C3577C71D9F2FB6008BCA9F /* Products */ = {
			isa = PBXGroup;
			children = (
				9C3577C61D9F2FB6008BCA9F /* Colorscope.app */,
			);
			name = Products;
			sourceTree = "<group>";
		};
		9C3577C81D9F2FB6008BCA9F /* CapstoneProject */ = {
			isa = PBXGroup;
			children = (
				9C3577EC1D9F3001008BCA9F /* AppDelegate.swift */,
				9C9C36B41DA5A80500C24803 /* WalkthroughTutorial */,
				9C3359441DA7F4240022FDF6 /* Home */,
				9C7FCCD71DABEDE100A967A8 /* Color Harmonies */,
				9C8337F81D9F33760027C5AF /* Extensions */,
				9C5751D31DB9562700CE3095 /* Color */,
				9C00D8691DCAAAFE0045DF09 /* AlertView */,
				9C3577DB1D9F2FC9008BCA9F /* Supporting Files */,
			);
			path = CapstoneProject;
			sourceTree = "<group>";
		};
		9C3577DB1D9F2FC9008BCA9F /* Supporting Files */ = {
			isa = PBXGroup;
			children = (
				9C724B741DA30ADC00214D21 /* Fonts */,
				9C3577CD1D9F2FB6008BCA9F /* Main.storyboard */,
				9C3577D21D9F2FB6008BCA9F /* LaunchScreen.storyboard */,
				9C3577D01D9F2FB6008BCA9F /* Assets.xcassets */,
				9C3577D51D9F2FB6008BCA9F /* Info.plist */,
			);
			name = "Supporting Files";
			sourceTree = "<group>";
		};
		9C5751C81DB951FF00CE3095 /* Random Color */ = {
			isa = PBXGroup;
			children = (
				9C5751C91DB9520F00CE3095 /* RandomColor.swift */,
				9C5751D11DB9521700CE3095 /* HueExtension.swift */,
				9C5751CA1DB9520F00CE3095 /* ColorDefinition.swift */,
				9C5751CB1DB9520F00CE3095 /* Luminosity.swift */,
				9C5751CC1DB9520F00CE3095 /* Hue.swift */,
			);
			name = "Random Color";
			sourceTree = "<group>";
		};
		9C5751D31DB9562700CE3095 /* Color */ = {
			isa = PBXGroup;
			children = (
				9CC2DF801DB5DD570013818D /* Dynamic Color */,
				9C5751C81DB951FF00CE3095 /* Random Color */,
			);
			name = Color;
			sourceTree = "<group>";
		};
		9C724B741DA30ADC00214D21 /* Fonts */ = {
			isa = PBXGroup;
			children = (
				9C4B13141DB98C1600703F2A /* GothamRounded-Book.otf */,
				9C91D26C1DB7881000B9B157 /* GothamRounded-Bold.otf */,
				9C91D26E1DB7881D00B9B157 /* GothamRounded-Medium.otf */,
			);
			name = Fonts;
			sourceTree = "<group>";
		};
		9C7FCCD71DABEDE100A967A8 /* Color Harmonies */ = {
			isa = PBXGroup;
			children = (
				9CC799AA1DAD4C4A00303927 /* Model */,
				9C7FCCD91DABEE0200A967A8 /* View */,
				9C7FCCD81DABEDFD00A967A8 /* Controller */,
			);
			name = "Color Harmonies";
			sourceTree = "<group>";
		};
		9C7FCCD81DABEDFD00A967A8 /* Controller */ = {
			isa = PBXGroup;
			children = (
				9C7FCCD51DABEB6900A967A8 /* ColorHarmoniesController.swift */,
				9C00D88C1DCAB8BE0045DF09 /* ColorHarmoniesController + Helper.swift */,
				9C3359491DA7F7CE0022FDF6 /* TabBarController.swift */,
				9CB3A45B1DB5236100E236DA /* TutorialController.swift */,
			);
			name = Controller;
			sourceTree = "<group>";
		};
		9C7FCCD91DABEE0200A967A8 /* View */ = {
			isa = PBXGroup;
			children = (
				9C7FCCDA1DABEE3600A967A8 /* ComplementaryCell.swift */,
				9C85E6661DAE9C2700A3034B /* AnalogousCell.swift */,
				9C85E6681DAEA15F00A3034B /* TriadicCell.swift */,
				9C85E66A1DAEA4BE00A3034B /* TetradicCell.swift */,
				9CB3A4591DB5213D00E236DA /* WalkthroughPageCell.swift */,
			);
			name = View;
			sourceTree = "<group>";
		};
		9C8337F51D9F335A0027C5AF /* Views */ = {
			isa = PBXGroup;
			children = (
				9CEC6B5B1DC7D80000C20156 /* WelcomeCell.swift */,
				9C3577E11D9F2FEC008BCA9F /* PageCell.swift */,
				9CEC6B5D1DC7DDFB00C20156 /* SelectedColorCell.swift */,
				9C9798DC1DC6890100DD390D /* HarmonyCell.swift */,
				9CDB10E91DCBA2C3006DC7E2 /* ClipboardCell.swift */,
				9C724B701DA2E63900214D21 /* GetStartedCell.swift */,
			);
			name = Views;
			sourceTree = "<group>";
		};
		9C8337F61D9F33610027C5AF /* Controllers */ = {
			isa = PBXGroup;
			children = (
				9C3577DE1D9F2FEC008BCA9F /* WalkthroughController.swift */,
				9CAC84AF1DA43CA200C20D4F /* MainNavigationController.swift */,
			);
			name = Controllers;
			sourceTree = "<group>";
		};
		9C8337F81D9F33760027C5AF /* Extensions */ = {
			isa = PBXGroup;
			children = (
				9C724B751DA30DFC00214D21 /* Stylesheet.swift */,
				9C3577E21D9F2FEC008BCA9F /* Dao.swift */,
				9C3577DC1D9F2FEC008BCA9F /* LayoutConstraint.swift */,
				9C3C475F1DA55B56000AEC00 /* UserDefaults+helpers.swift */,
			);
			name = Extensions;
			sourceTree = "<group>";
		};
		9C9C36B41DA5A80500C24803 /* WalkthroughTutorial */ = {
			isa = PBXGroup;
			children = (
				9C8337F51D9F335A0027C5AF /* Views */,
				9C8337F61D9F33610027C5AF /* Controllers */,
			);
			name = WalkthroughTutorial;
			sourceTree = "<group>";
		};
		9CC2DF801DB5DD570013818D /* Dynamic Color */ = {
			isa = PBXGroup;
			children = (
				9CE5E9361DD26050006242EB /* SWColor.swift */,
				9C3629F91DAC3F8E00AC93B2 /* DynamicColor.swift */,
				9C8B02C61DB5DE9B0037128B /* DynamicColor+Deriving.swift */,
				9C8B02C71DB5DE9B0037128B /* DynamicColor+HSB.swift */,
				9C8B02C81DB5DE9B0037128B /* DynamicColor+HSL.swift */,
				9CE5E9341DD25F74006242EB /* DynamicColor+Lab.swift */,
				9C8B02CA1DB5DE9B0037128B /* DynamicColor+Mixing.swift */,
				9C8B02CB1DB5DE9B0037128B /* DynamicColor+RGBA.swift */,
				9CE5E9321DD25F6D006242EB /* DynamicColor+XYZ.swift */,
				9C8B02CD1DB5DE9B0037128B /* DynamicColorSpace.swift */,
				9C8B02CF1DB5DE9B0037128B /* HSL.swift */,
				9C8B02D01DB5DE9B0037128B /* Utils.swift */,
			);
			name = "Dynamic Color";
			sourceTree = "<group>";
		};
		9CC799AA1DAD4C4A00303927 /* Model */ = {
			isa = PBXGroup;
			children = (
				9C64ED601DAD5165005EDB58 /* ColorHarmony.swift */,
				9CB3A4571DB5206500E236DA /* WalkthroughPage.swift */,
			);
			name = Model;
			sourceTree = "<group>";
		};
/* End PBXGroup section */

/* Begin PBXNativeTarget section */
		9C3577C51D9F2FB5008BCA9F /* Colorscope */ = {
			isa = PBXNativeTarget;
			buildConfigurationList = 9C3577D81D9F2FB6008BCA9F /* Build configuration list for PBXNativeTarget "Colorscope" */;
			buildPhases = (
				9C3577C21D9F2FB5008BCA9F /* Sources */,
				9C3577C31D9F2FB5008BCA9F /* Frameworks */,
				9C3577C41D9F2FB5008BCA9F /* Resources */,
			);
			buildRules = (
			);
			dependencies = (
			);
			name = Colorscope;
			productName = CapstoneProject;
			productReference = 9C3577C61D9F2FB6008BCA9F /* Colorscope.app */;
			productType = "com.apple.product-type.application";
		};
/* End PBXNativeTarget section */

/* Begin PBXProject section */
		9C3577BE1D9F2FB5008BCA9F /* Project object */ = {
			isa = PBXProject;
			attributes = {
				LastSwiftUpdateCheck = 0800;
				LastUpgradeCheck = 0900;
				ORGANIZATIONNAME = DevMountain;
				TargetAttributes = {
					9C3577C51D9F2FB5008BCA9F = {
						CreatedOnToolsVersion = 8.0;
						DevelopmentTeam = Y9CEQN88G2;
						LastSwiftMigration = 0900;
						ProvisioningStyle = Automatic;
					};
				};
			};
			buildConfigurationList = 9C3577C11D9F2FB5008BCA9F /* Build configuration list for PBXProject "Colorscope" */;
			compatibilityVersion = "Xcode 3.2";
			developmentRegion = English;
			hasScannedForEncodings = 0;
			knownRegions = (
				en,
				Base,
			);
			mainGroup = 9C3577BD1D9F2FB5008BCA9F;
			productRefGroup = 9C3577C71D9F2FB6008BCA9F /* Products */;
			projectDirPath = "";
			projectRoot = "";
			targets = (
				9C3577C51D9F2FB5008BCA9F /* Colorscope */,
			);
		};
/* End PBXProject section */

/* Begin PBXResourcesBuildPhase section */
		9C3577C41D9F2FB5008BCA9F /* Resources */ = {
			isa = PBXResourcesBuildPhase;
			buildActionMask = 2147483647;
			files = (
				9C4B13151DB98C1600703F2A /* GothamRounded-Book.otf in Resources */,
				9C91D26F1DB7881D00B9B157 /* GothamRounded-Medium.otf in Resources */,
				9C3577D41D9F2FB6008BCA9F /* LaunchScreen.storyboard in Resources */,
				9C3577D11D9F2FB6008BCA9F /* Assets.xcassets in Resources */,
				9C91D26D1DB7881000B9B157 /* GothamRounded-Bold.otf in Resources */,
				9C3577CF1D9F2FB6008BCA9F /* Main.storyboard in Resources */,
			);
			runOnlyForDeploymentPostprocessing = 0;
		};
/* End PBXResourcesBuildPhase section */

/* Begin PBXSourcesBuildPhase section */
		9C3577C21D9F2FB5008BCA9F /* Sources */ = {
			isa = PBXSourcesBuildPhase;
			buildActionMask = 2147483647;
			files = (
				9C00D88D1DCAB8BE0045DF09 /* ColorHarmoniesController + Helper.swift in Sources */,
				9CB3A45A1DB5213D00E236DA /* WalkthroughPageCell.swift in Sources */,
				9C8B02D11DB5DE9B0037128B /* DynamicColor+Deriving.swift in Sources */,
				9C00D87D1DCAAB710045DF09 /* InteractiveTransition.swift in Sources */,
				9C00D8881DCAAB710045DF09 /* TransitionAnimations.swift in Sources */,
				9C85E6691DAEA15F00A3034B /* TriadicCell.swift in Sources */,
				9C3C47601DA55B56000AEC00 /* UserDefaults+helpers.swift in Sources */,
				9C00D8821DCAAB710045DF09 /* PopupDialogDefaultButtons.swift in Sources */,
				9C00D8871DCAAB710045DF09 /* PresentationManager.swift in Sources */,
				9C724B761DA30DFC00214D21 /* Stylesheet.swift in Sources */,
				9CEC6B5E1DC7DDFB00C20156 /* SelectedColorCell.swift in Sources */,
				9C5751D01DB9520F00CE3095 /* Hue.swift in Sources */,
				9C8B02D31DB5DE9B0037128B /* DynamicColor+HSL.swift in Sources */,
				9C33594A1DA7F7CE0022FDF6 /* TabBarController.swift in Sources */,
				9C3577EA1D9F2FEC008BCA9F /* Dao.swift in Sources */,
				9C724B711DA2E63900214D21 /* GetStartedCell.swift in Sources */,
				9C7FCCDB1DABEE3600A967A8 /* ComplementaryCell.swift in Sources */,
				9CC2DF7D1DB5D4960013818D /* Tint.swift in Sources */,
				9C8B02D81DB5DE9B0037128B /* DynamicColorSpace.swift in Sources */,
				9C00D8831DCAAB710045DF09 /* PopupDialogDefaultView.swift in Sources */,
				9C00D88A1DCAAB710045DF09 /* UIView+Animations.swift in Sources */,
				9C5751CE1DB9520F00CE3095 /* ColorDefinition.swift in Sources */,
				9C7FCCD61DABEB6900A967A8 /* ColorHarmoniesController.swift in Sources */,
				9C8B02DB1DB5DE9B0037128B /* Utils.swift in Sources */,
				9CB3A4581DB5206500E236DA /* WalkthroughPage.swift in Sources */,
				9C9798DD1DC6890100DD390D /* HarmonyCell.swift in Sources */,
				9CEC6B5C1DC7D80000C20156 /* WelcomeCell.swift in Sources */,
				9CE5E9331DD25F6D006242EB /* DynamicColor+XYZ.swift in Sources */,
				9C00D8861DCAAB710045DF09 /* PresentationController.swift in Sources */,
				9C00D88B1DCAAB710045DF09 /* UIViewController+Visibility.swift in Sources */,
				9CE5E9351DD25F74006242EB /* DynamicColor+Lab.swift in Sources */,
				9C64ED611DAD5165005EDB58 /* ColorHarmony.swift in Sources */,
				9C3577ED1D9F3001008BCA9F /* AppDelegate.swift in Sources */,
				9C5751CF1DB9520F00CE3095 /* Luminosity.swift in Sources */,
				9C00D8851DCAAB710045DF09 /* PopupDialogOverlayView.swift in Sources */,
				9C8B02DA1DB5DE9B0037128B /* HSL.swift in Sources */,
				9C3577E61D9F2FEC008BCA9F /* WalkthroughController.swift in Sources */,
				9C00D8891DCAAB710045DF09 /* TransitionAnimator.swift in Sources */,
				9C85E6671DAE9C2700A3034B /* AnalogousCell.swift in Sources */,
				9C3577E41D9F2FEC008BCA9F /* LayoutConstraint.swift in Sources */,
				9C00D8801DCAAB710045DF09 /* PopupDialogButton.swift in Sources */,
				9CAC84B01DA43CA200C20D4F /* MainNavigationController.swift in Sources */,
				9C5751D21DB9521700CE3095 /* HueExtension.swift in Sources */,
				9CE5E9371DD26050006242EB /* SWColor.swift in Sources */,
				9C3577E91D9F2FEC008BCA9F /* PageCell.swift in Sources */,
				9CB3A45C1DB5236100E236DA /* TutorialController.swift in Sources */,
				9C4EEC891EB7723B00FC98CA /* FXBlurView.m in Sources */,
				9C8B02D61DB5DE9B0037128B /* DynamicColor+RGBA.swift in Sources */,
				9CC2DF7F1DB5D66D0013818D /* TintCell.swift in Sources */,
				9C85E66B1DAEA4BE00A3034B /* TetradicCell.swift in Sources */,
				9C8B02D21DB5DE9B0037128B /* DynamicColor+HSB.swift in Sources */,
				9C8B02D51DB5DE9B0037128B /* DynamicColor+Mixing.swift in Sources */,
				9C3C47621DA55DEE000AEC00 /* HomeController.swift in Sources */,
				9C5751CD1DB9520F00CE3095 /* RandomColor.swift in Sources */,
				9C00D8811DCAAB710045DF09 /* PopupDialogContainerView.swift in Sources */,
				9CDB10EA1DCBA2C3006DC7E2 /* ClipboardCell.swift in Sources */,
				9C00D8841DCAAB710045DF09 /* PopupDialogDefaultViewController.swift in Sources */,
				9C00D87E1DCAAB710045DF09 /* PopupDialog.swift in Sources */,
				9C3629FA1DAC3F8E00AC93B2 /* DynamicColor.swift in Sources */,
			);
			runOnlyForDeploymentPostprocessing = 0;
		};
/* End PBXSourcesBuildPhase section */

/* Begin PBXVariantGroup section */
		9C3577CD1D9F2FB6008BCA9F /* Main.storyboard */ = {
			isa = PBXVariantGroup;
			children = (
				9C3577CE1D9F2FB6008BCA9F /* Base */,
			);
			name = Main.storyboard;
			path = Resources;
			sourceTree = "<group>";
		};
		9C3577D21D9F2FB6008BCA9F /* LaunchScreen.storyboard */ = {
			isa = PBXVariantGroup;
			children = (
				9C3577D31D9F2FB6008BCA9F /* Base */,
			);
			name = LaunchScreen.storyboard;
			path = Resources;
			sourceTree = "<group>";
		};
/* End PBXVariantGroup section */

/* Begin XCBuildConfiguration section */
		9C3577D61D9F2FB6008BCA9F /* Debug */ = {
			isa = XCBuildConfiguration;
			buildSettings = {
				ALWAYS_SEARCH_USER_PATHS = NO;
				CLANG_ANALYZER_NONNULL = YES;
				CLANG_CXX_LANGUAGE_STANDARD = "gnu++0x";
				CLANG_CXX_LIBRARY = "libc++";
				CLANG_ENABLE_MODULES = YES;
				CLANG_ENABLE_OBJC_ARC = YES;
				CLANG_WARN_BLOCK_CAPTURE_AUTORELEASING = YES;
				CLANG_WARN_BOOL_CONVERSION = YES;
				CLANG_WARN_COMMA = YES;
				CLANG_WARN_CONSTANT_CONVERSION = YES;
				CLANG_WARN_DIRECT_OBJC_ISA_USAGE = YES_ERROR;
				CLANG_WARN_DOCUMENTATION_COMMENTS = YES;
				CLANG_WARN_EMPTY_BODY = YES;
				CLANG_WARN_ENUM_CONVERSION = YES;
				CLANG_WARN_INFINITE_RECURSION = YES;
				CLANG_WARN_INT_CONVERSION = YES;
				CLANG_WARN_NON_LITERAL_NULL_CONVERSION = YES;
				CLANG_WARN_OBJC_LITERAL_CONVERSION = YES;
				CLANG_WARN_OBJC_ROOT_CLASS = YES_ERROR;
				CLANG_WARN_RANGE_LOOP_ANALYSIS = YES;
				CLANG_WARN_STRICT_PROTOTYPES = YES;
				CLANG_WARN_SUSPICIOUS_MOVE = YES;
				CLANG_WARN_SUSPICIOUS_MOVES = YES;
				CLANG_WARN_UNREACHABLE_CODE = YES;
				CLANG_WARN__DUPLICATE_METHOD_MATCH = YES;
				"CODE_SIGN_IDENTITY[sdk=iphoneos*]" = "iPhone Developer";
				COPY_PHASE_STRIP = NO;
				DEBUG_INFORMATION_FORMAT = dwarf;
				ENABLE_STRICT_OBJC_MSGSEND = YES;
				ENABLE_TESTABILITY = YES;
				GCC_C_LANGUAGE_STANDARD = gnu99;
				GCC_DYNAMIC_NO_PIC = NO;
				GCC_NO_COMMON_BLOCKS = YES;
				GCC_OPTIMIZATION_LEVEL = 0;
				GCC_PREPROCESSOR_DEFINITIONS = (
					"DEBUG=1",
					"$(inherited)",
				);
				GCC_WARN_64_TO_32_BIT_CONVERSION = YES;
				GCC_WARN_ABOUT_RETURN_TYPE = YES_ERROR;
				GCC_WARN_UNDECLARED_SELECTOR = YES;
				GCC_WARN_UNINITIALIZED_AUTOS = YES_AGGRESSIVE;
				GCC_WARN_UNUSED_FUNCTION = YES;
				GCC_WARN_UNUSED_VARIABLE = YES;
				IPHONEOS_DEPLOYMENT_TARGET = 10.0;
				MTL_ENABLE_DEBUG_INFO = YES;
				ONLY_ACTIVE_ARCH = YES;
				SDKROOT = iphoneos;
				SWIFT_ACTIVE_COMPILATION_CONDITIONS = DEBUG;
				SWIFT_OPTIMIZATION_LEVEL = "-Onone";
			};
			name = Debug;
		};
		9C3577D71D9F2FB6008BCA9F /* Release */ = {
			isa = XCBuildConfiguration;
			buildSettings = {
				ALWAYS_SEARCH_USER_PATHS = NO;
				CLANG_ANALYZER_NONNULL = YES;
				CLANG_CXX_LANGUAGE_STANDARD = "gnu++0x";
				CLANG_CXX_LIBRARY = "libc++";
				CLANG_ENABLE_MODULES = YES;
				CLANG_ENABLE_OBJC_ARC = YES;
				CLANG_WARN_BLOCK_CAPTURE_AUTORELEASING = YES;
				CLANG_WARN_BOOL_CONVERSION = YES;
				CLANG_WARN_COMMA = YES;
				CLANG_WARN_CONSTANT_CONVERSION = YES;
				CLANG_WARN_DIRECT_OBJC_ISA_USAGE = YES_ERROR;
				CLANG_WARN_DOCUMENTATION_COMMENTS = YES;
				CLANG_WARN_EMPTY_BODY = YES;
				CLANG_WARN_ENUM_CONVERSION = YES;
				CLANG_WARN_INFINITE_RECURSION = YES;
				CLANG_WARN_INT_CONVERSION = YES;
				CLANG_WARN_NON_LITERAL_NULL_CONVERSION = YES;
				CLANG_WARN_OBJC_LITERAL_CONVERSION = YES;
				CLANG_WARN_OBJC_ROOT_CLASS = YES_ERROR;
				CLANG_WARN_RANGE_LOOP_ANALYSIS = YES;
				CLANG_WARN_STRICT_PROTOTYPES = YES;
				CLANG_WARN_SUSPICIOUS_MOVE = YES;
				CLANG_WARN_SUSPICIOUS_MOVES = YES;
				CLANG_WARN_UNREACHABLE_CODE = YES;
				CLANG_WARN__DUPLICATE_METHOD_MATCH = YES;
				"CODE_SIGN_IDENTITY[sdk=iphoneos*]" = "iPhone Developer";
				COPY_PHASE_STRIP = NO;
				DEBUG_INFORMATION_FORMAT = "dwarf-with-dsym";
				ENABLE_NS_ASSERTIONS = NO;
				ENABLE_STRICT_OBJC_MSGSEND = YES;
				GCC_C_LANGUAGE_STANDARD = gnu99;
				GCC_NO_COMMON_BLOCKS = YES;
				GCC_WARN_64_TO_32_BIT_CONVERSION = YES;
				GCC_WARN_ABOUT_RETURN_TYPE = YES_ERROR;
				GCC_WARN_UNDECLARED_SELECTOR = YES;
				GCC_WARN_UNINITIALIZED_AUTOS = YES_AGGRESSIVE;
				GCC_WARN_UNUSED_FUNCTION = YES;
				GCC_WARN_UNUSED_VARIABLE = YES;
				IPHONEOS_DEPLOYMENT_TARGET = 10.0;
				MTL_ENABLE_DEBUG_INFO = NO;
				SDKROOT = iphoneos;
				SWIFT_OPTIMIZATION_LEVEL = "-Owholemodule";
				VALIDATE_PRODUCT = YES;
			};
			name = Release;
		};
		9C3577D91D9F2FB6008BCA9F /* Debug */ = {
			isa = XCBuildConfiguration;
			buildSettings = {
				ASSETCATALOG_COMPILER_APPICON_NAME = AppIcon;
				CLANG_ENABLE_MODULES = YES;
				DEVELOPMENT_TEAM = Y9CEQN88G2;
				INFOPLIST_FILE = "$(SRCROOT)/CapstoneProject/Supporting Files/Info.plist";
				LD_RUNPATH_SEARCH_PATHS = "$(inherited) @executable_path/Frameworks";
				PRODUCT_BUNDLE_IDENTIFIER = com.jairoeli.CapstoneProject;
				PRODUCT_NAME = "$(TARGET_NAME)";
				SWIFT_OBJC_BRIDGING_HEADER = "Colorscope-Bridging-Header.h";
				SWIFT_OPTIMIZATION_LEVEL = "-Onone";
				SWIFT_SWIFT3_OBJC_INFERENCE = Default;
				SWIFT_VERSION = 4.0;
			};
			name = Debug;
		};
		9C3577DA1D9F2FB6008BCA9F /* Release */ = {
			isa = XCBuildConfiguration;
			buildSettings = {
				ASSETCATALOG_COMPILER_APPICON_NAME = AppIcon;
				CLANG_ENABLE_MODULES = YES;
				DEVELOPMENT_TEAM = Y9CEQN88G2;
				INFOPLIST_FILE = "$(SRCROOT)/CapstoneProject/Supporting Files/Info.plist";
				LD_RUNPATH_SEARCH_PATHS = "$(inherited) @executable_path/Frameworks";
				PRODUCT_BUNDLE_IDENTIFIER = com.jairoeli.CapstoneProject;
				PRODUCT_NAME = "$(TARGET_NAME)";
				SWIFT_OBJC_BRIDGING_HEADER = "Colorscope-Bridging-Header.h";
				SWIFT_SWIFT3_OBJC_INFERENCE = Default;
				SWIFT_VERSION = 4.0;
			};
			name = Release;
		};
/* End XCBuildConfiguration section */

/* Begin XCConfigurationList section */
		9C3577C11D9F2FB5008BCA9F /* Build configuration list for PBXProject "Colorscope" */ = {
			isa = XCConfigurationList;
			buildConfigurations = (
				9C3577D61D9F2FB6008BCA9F /* Debug */,
				9C3577D71D9F2FB6008BCA9F /* Release */,
			);
			defaultConfigurationIsVisible = 0;
			defaultConfigurationName = Release;
		};
		9C3577D81D9F2FB6008BCA9F /* Build configuration list for PBXNativeTarget "Colorscope" */ = {
			isa = XCConfigurationList;
			buildConfigurations = (
				9C3577D91D9F2FB6008BCA9F /* Debug */,
				9C3577DA1D9F2FB6008BCA9F /* Release */,
			);
			defaultConfigurationIsVisible = 0;
			defaultConfigurationName = Release;
		};
/* End XCConfigurationList section */
	};
	rootObject = 9C3577BE1D9F2FB5008BCA9F /* Project object */;
}
